
Microsoft Visual Studio Solution File, Format Version 12.00
# Visual Studio Version 16
VisualStudioVersion = 16.0.31129.286
MinimumVisualStudioVersion = 10.0.40219.1
Project("{FAE04EC0-301F-11D3-BF4B-00C04F79EFBC}") = "Assembler", "Assembler.csproj", "{4F444E33-8CC1-4710-B8BA-5D0F6A5BB9FD}"
EndProject
Global
	GlobalSection(SolutionConfigurationPlatforms) = preSolution
		Debug|Any CPU = Debug|Any CPU
		Release|Any CPU = Release|Any CPU
	EndGlobalSection
	GlobalSection(ProjectConfigurationPlatforms) = postSolution
		{4F444E33-8CC1-4710-B8BA-5D0F6A5BB9FD}.Debug|Any CPU.ActiveCfg = Debug|Any CPU
		{4F444E33-8CC1-4710-B8BA-5D0F6A5BB9FD}.Debug|Any CPU.Build.0 = Debug|Any CPU
		{4F444E33-8CC1-4710-B8BA-5D0F6A5BB9FD}.Release|Any CPU.ActiveCfg = Release|Any CPU
		{4F444E33-8CC1-4710-B8BA-5D0F6A5BB9FD}.Release|Any CPU.Build.0 = Release|Any CPU
	EndGlobalSection
	GlobalSection(SolutionProperties) = preSolution
		HideSolutionNode = FALSE
	EndGlobalSection
	GlobalSection(ExtensibilityGlobals) = postSolution
		SolutionGuid = {B66A3B17-3B1F-485B-BC61-A399EF2D9CD9}
	EndGlobalSection
EndGlobal
